
Microsoft Visual Studio Solution File, Format Version 12.00
# Visual Studio Version 16
VisualStudioVersion = 16.0.31005.135
MinimumVisualStudioVersion = 10.0.40219.1
Project("{FAE04EC0-301F-11D3-BF4B-00C04F79EFBC}") = "r09546042_TerryYang_assignment_03", "r09546042_TerryYang_assignment_03.csproj", "{4F30A930-E445-497D-A048-1DC9816A4CF0}"
EndProject
Global
	GlobalSection(SolutionConfigurationPlatforms) = preSolution
		Debug|Any CPU = Debug|Any CPU
		Release|Any CPU = Release|Any CPU
	EndGlobalSection
	GlobalSection(ProjectConfigurationPlatforms) = postSolution
		{4F30A930-E445-497D-A048-1DC9816A4CF0}.Debug|Any CPU.ActiveCfg = Debug|Any CPU
		{4F30A930-E445-497D-A048-1DC9816A4CF0}.Debug|Any CPU.Build.0 = Debug|Any CPU
		{4F30A930-E445-497D-A048-1DC9816A4CF0}.Release|Any CPU.ActiveCfg = Release|Any CPU
		{4F30A930-E445-497D-A048-1DC9816A4CF0}.Release|Any CPU.Build.0 = Release|Any CPU
	EndGlobalSection
	GlobalSection(SolutionProperties) = preSolution
		HideSolutionNode = FALSE
	EndGlobalSection
	GlobalSection(ExtensibilityGlobals) = postSolution
		SolutionGuid = {BDAF4140-C9CE-49AC-B17C-EB43FF8C2CA9}
	EndGlobalSection
EndGlobal
