
Microsoft Visual Studio Solution File, Format Version 12.00
# Visual Studio Version 16
VisualStudioVersion = 16.0.31112.23
MinimumVisualStudioVersion = 10.0.40219.1
Project("{FAE04EC0-301F-11D3-BF4B-00C04F79EFBC}") = "Random_Variate_Generator_Library", "My_First_Class_Library\Random_Variate_Generator_Library.csproj", "{1FB98987-1804-4C52-A3B3-7DF2CC478802}"
EndProject
Project("{FAE04EC0-301F-11D3-BF4B-00C04F79EFBC}") = "WindowsFormsApp1", "WindowsFormsApp1\WindowsFormsApp1.csproj", "{FA273AAE-10A4-461D-9C21-4830C83A55AD}"
EndProject
Global
	GlobalSection(SolutionConfigurationPlatforms) = preSolution
		Debug|Any CPU = Debug|Any CPU
		Release|Any CPU = Release|Any CPU
	EndGlobalSection
	GlobalSection(ProjectConfigurationPlatforms) = postSolution
		{1FB98987-1804-4C52-A3B3-7DF2CC478802}.Debug|Any CPU.ActiveCfg = Debug|Any CPU
		{1FB98987-1804-4C52-A3B3-7DF2CC478802}.Debug|Any CPU.Build.0 = Debug|Any CPU
		{1FB98987-1804-4C52-A3B3-7DF2CC478802}.Release|Any CPU.ActiveCfg = Release|Any CPU
		{1FB98987-1804-4C52-A3B3-7DF2CC478802}.Release|Any CPU.Build.0 = Release|Any CPU
		{FA273AAE-10A4-461D-9C21-4830C83A55AD}.Debug|Any CPU.ActiveCfg = Debug|Any CPU
		{FA273AAE-10A4-461D-9C21-4830C83A55AD}.Debug|Any CPU.Build.0 = Debug|Any CPU
		{FA273AAE-10A4-461D-9C21-4830C83A55AD}.Release|Any CPU.ActiveCfg = Release|Any CPU
		{FA273AAE-10A4-461D-9C21-4830C83A55AD}.Release|Any CPU.Build.0 = Release|Any CPU
	EndGlobalSection
	GlobalSection(SolutionProperties) = preSolution
		HideSolutionNode = FALSE
	EndGlobalSection
	GlobalSection(ExtensibilityGlobals) = postSolution
		SolutionGuid = {D1E85D79-80C8-4A55-8340-7C8930DB1669}
	EndGlobalSection
EndGlobal
